
Microsoft Visual Studio Solution File, Format Version 12.00
# Visual Studio Version 17
VisualStudioVersion = 17.1.32210.238
MinimumVisualStudioVersion = 10.0.40219.1
Project("{9A19103F-16F7-4668-BE54-9A1E7A4F7556}") = "HttpCommunication.Abstractions", "HttpCommunication.Abstractions\HttpCommunication.Abstractions.csproj", "{861DC089-2933-4ED7-90B6-FFE461043CE9}"
EndProject
Project("{9A19103F-16F7-4668-BE54-9A1E7A4F7556}") = "HttpCommunication.Tests", "HttpCommunication.Tests\HttpCommunication.Tests.csproj", "{40750711-19B7-4AF9-8B97-2CE419BA90AA}"
EndProject
Project("{9A19103F-16F7-4668-BE54-9A1E7A4F7556}") = "TestServer", "TestServer\TestServer.csproj", "{76986AA2-A7F1-4688-AB90-8F8AA6682834}"
EndProject
Project("{FAE04EC0-301F-11D3-BF4B-00C04F79EFBC}") = "HttpCommunication.Json", "HttpCommunication.Json\HttpCommunication.Json.csproj", "{5C2345E3-9641-4DEB-AF9C-6693F82E217C}"
EndProject
Global
	GlobalSection(SolutionConfigurationPlatforms) = preSolution
		Debug|Any CPU = Debug|Any CPU
		Release|Any CPU = Release|Any CPU
	EndGlobalSection
	GlobalSection(ProjectConfigurationPlatforms) = postSolution
		{861DC089-2933-4ED7-90B6-FFE461043CE9}.Debug|Any CPU.ActiveCfg = Debug|Any CPU
		{861DC089-2933-4ED7-90B6-FFE461043CE9}.Debug|Any CPU.Build.0 = Debug|Any CPU
		{861DC089-2933-4ED7-90B6-FFE461043CE9}.Release|Any CPU.ActiveCfg = Release|Any CPU
		{861DC089-2933-4ED7-90B6-FFE461043CE9}.Release|Any CPU.Build.0 = Release|Any CPU
		{40750711-19B7-4AF9-8B97-2CE419BA90AA}.Debug|Any CPU.ActiveCfg = Debug|Any CPU
		{40750711-19B7-4AF9-8B97-2CE419BA90AA}.Debug|Any CPU.Build.0 = Debug|Any CPU
		{40750711-19B7-4AF9-8B97-2CE419BA90AA}.Release|Any CPU.ActiveCfg = Release|Any CPU
		{40750711-19B7-4AF9-8B97-2CE419BA90AA}.Release|Any CPU.Build.0 = Release|Any CPU
		{76986AA2-A7F1-4688-AB90-8F8AA6682834}.Debug|Any CPU.ActiveCfg = Debug|Any CPU
		{76986AA2-A7F1-4688-AB90-8F8AA6682834}.Debug|Any CPU.Build.0 = Debug|Any CPU
		{76986AA2-A7F1-4688-AB90-8F8AA6682834}.Release|Any CPU.ActiveCfg = Release|Any CPU
		{76986AA2-A7F1-4688-AB90-8F8AA6682834}.Release|Any CPU.Build.0 = Release|Any CPU
		{5C2345E3-9641-4DEB-AF9C-6693F82E217C}.Debug|Any CPU.ActiveCfg = Debug|Any CPU
		{5C2345E3-9641-4DEB-AF9C-6693F82E217C}.Debug|Any CPU.Build.0 = Debug|Any CPU
		{5C2345E3-9641-4DEB-AF9C-6693F82E217C}.Release|Any CPU.ActiveCfg = Release|Any CPU
		{5C2345E3-9641-4DEB-AF9C-6693F82E217C}.Release|Any CPU.Build.0 = Release|Any CPU
	EndGlobalSection
	GlobalSection(SolutionProperties) = preSolution
		HideSolutionNode = FALSE
	EndGlobalSection
	GlobalSection(ExtensibilityGlobals) = postSolution
		SolutionGuid = {C676410A-AA19-4788-81CC-879F4870F8DE}
	EndGlobalSection
EndGlobal
